// !$*UTF8*$!
{
	archiveVersion = 1;
	classes = {
	};
	objectVersion = 50;
	objects = {

/* Begin PBXBuildFile section */
		4043954D23B0909900448811 /* ServicesTableViewController.m in Sources */ = {isa = PBXBuildFile; fileRef = 4043954C23B0909900448811 /* ServicesTableViewController.m */; };
		4043955323B090DA00448811 /* ServicesViewController.m in Sources */ = {isa = PBXBuildFile; fileRef = 4043955223B090DA00448811 /* ServicesViewController.m */; };
		4043955923B098A800448811 /* ServicesTableViewCell.h in Sources */ = {isa = PBXBuildFile; fileRef = 4043955623B0978E00448811 /* ServicesTableViewCell.h */; };
		4043955A23B098B000448811 /* ServicesTableViewController.h in Sources */ = {isa = PBXBuildFile; fileRef = 4043954B23B0909900448811 /* ServicesTableViewController.h */; };
		4043955B23B098B000448811 /* ServicesViewController.h in Sources */ = {isa = PBXBuildFile; fileRef = 4043955123B090DA00448811 /* ServicesViewController.h */; };
		4043955C23B098B000448811 /* ServicesList.plist in Sources */ = {isa = PBXBuildFile; fileRef = 4043955423B0915800448811 /* ServicesList.plist */; };
		4043955D23B098DF00448811 /* ServicesTableViewController.h in Resources */ = {isa = PBXBuildFile; fileRef = 4043954B23B0909900448811 /* ServicesTableViewController.h */; };
		4043955E23B098DF00448811 /* ServicesTableViewController.m in Resources */ = {isa = PBXBuildFile; fileRef = 4043954C23B0909900448811 /* ServicesTableViewController.m */; };
		4043955F23B098DF00448811 /* ServicesViewController.h in Resources */ = {isa = PBXBuildFile; fileRef = 4043955123B090DA00448811 /* ServicesViewController.h */; };
		4043956023B098DF00448811 /* ServicesViewController.m in Resources */ = {isa = PBXBuildFile; fileRef = 4043955223B090DA00448811 /* ServicesViewController.m */; };
		4043956123B098DF00448811 /* ServicesTableViewCell.h in Resources */ = {isa = PBXBuildFile; fileRef = 4043955623B0978E00448811 /* ServicesTableViewCell.h */; };
		4043956623B0B5FB00448811 /* AboutUsViewController.m in Sources */ = {isa = PBXBuildFile; fileRef = 4043956523B0B5FB00448811 /* AboutUsViewController.m */; };
		4043956A23B0B8FF00448811 /* PortfolioCollectionViewController.m in Sources */ = {isa = PBXBuildFile; fileRef = 4043956923B0B8FF00448811 /* PortfolioCollectionViewController.m */; };
		4043956D23B0B97500448811 /* PortfolioCollectionViewCell.m in Sources */ = {isa = PBXBuildFile; fileRef = 4043956C23B0B97500448811 /* PortfolioCollectionViewCell.m */; };
		4043957123B0C69900448811 /* ContactViewController.m in Sources */ = {isa = PBXBuildFile; fileRef = 4043957023B0C69900448811 /* ContactViewController.m */; };
		4043957423B0C76000448811 /* MapKit.framework in Frameworks */ = {isa = PBXBuildFile; fileRef = 4043957323B0C76000448811 /* MapKit.framework */; };
		4043957723B0CA7800448811 /* MapPin.m in Sources */ = {isa = PBXBuildFile; fileRef = 4043957623B0CA7800448811 /* MapPin.m */; };
		4055924123B9CCF5006DD6E3 /* EmailViewController.m in Sources */ = {isa = PBXBuildFile; fileRef = 4055924023B9CCF5006DD6E3 /* EmailViewController.m */; };
		4055924323B9D390006DD6E3 /* MessageUI.framework in Frameworks */ = {isa = PBXBuildFile; fileRef = 4055924223B9D390006DD6E3 /* MessageUI.framework */; };
		4055924523B9D3C0006DD6E3 /* Accounts.framework in Frameworks */ = {isa = PBXBuildFile; fileRef = 4055924423B9D3C0006DD6E3 /* Accounts.framework */; };
		4055924923B9EB35006DD6E3 /* SocialTableViewController.m in Sources */ = {isa = PBXBuildFile; fileRef = 4055924823B9EB35006DD6E3 /* SocialTableViewController.m */; };
		4055924C23B9EBEB006DD6E3 /* SocialTableViewCell.m in Sources */ = {isa = PBXBuildFile; fileRef = 4055924B23B9EBEB006DD6E3 /* SocialTableViewCell.m */; };
		4055924E23B9EC5E006DD6E3 /* Social.plist in Resources */ = {isa = PBXBuildFile; fileRef = 4055924D23B9EC5E006DD6E3 /* Social.plist */; };
		40BBFD7523BB56A700F9468E /* WebViewController.m in Sources */ = {isa = PBXBuildFile; fileRef = 40BBFD7423BB56A700F9468E /* WebViewController.m */; };
		40BBFD7723BB57DA00F9468E /* WebKit.framework in Frameworks */ = {isa = PBXBuildFile; fileRef = 40BBFD7623BB57DA00F9468E /* WebKit.framework */; };
		40C6449E23A7AA3200DAC09E /* AppDelegate.m in Sources */ = {isa = PBXBuildFile; fileRef = 40C6449D23A7AA3200DAC09E /* AppDelegate.m */; };
		40C644A123A7AA3200DAC09E /* SceneDelegate.m in Sources */ = {isa = PBXBuildFile; fileRef = 40C644A023A7AA3200DAC09E /* SceneDelegate.m */; };
		40C644A423A7AA3200DAC09E /* ViewController.m in Sources */ = {isa = PBXBuildFile; fileRef = 40C644A323A7AA3200DAC09E /* ViewController.m */; };
		40C644A723A7AA3200DAC09E /* Main.storyboard in Resources */ = {isa = PBXBuildFile; fileRef = 40C644A523A7AA3200DAC09E /* Main.storyboard */; };
		40C644A923A7AA3400DAC09E /* Assets.xcassets in Resources */ = {isa = PBXBuildFile; fileRef = 40C644A823A7AA3400DAC09E /* Assets.xcassets */; };
		40C644AC23A7AA3400DAC09E /* LaunchScreen.storyboard in Resources */ = {isa = PBXBuildFile; fileRef = 40C644AA23A7AA3400DAC09E /* LaunchScreen.storyboard */; };
		40C644AF23A7AA3400DAC09E /* main.m in Sources */ = {isa = PBXBuildFile; fileRef = 40C644AE23A7AA3400DAC09E /* main.m */; };
		40C644B923A7AA3400DAC09E /* TabBarBusiness_ObjCTests.m in Sources */ = {isa = PBXBuildFile; fileRef = 40C644B823A7AA3400DAC09E /* TabBarBusiness_ObjCTests.m */; };
		40C644C423A7AA3400DAC09E /* TabBarBusiness_ObjCUITests.m in Sources */ = {isa = PBXBuildFile; fileRef = 40C644C323A7AA3400DAC09E /* TabBarBusiness_ObjCUITests.m */; };
/* End PBXBuildFile section */

/* Begin PBXContainerItemProxy section */
		40C644B523A7AA3400DAC09E /* PBXContainerItemProxy */ = {
			isa = PBXContainerItemProxy;
			containerPortal = 40C6449123A7AA3200DAC09E /* Project object */;
			proxyType = 1;
			remoteGlobalIDString = 40C6449823A7AA3200DAC09E;
			remoteInfo = TabBarBusiness_ObjC;
		};
		40C644C023A7AA3400DAC09E /* PBXContainerItemProxy */ = {
			isa = PBXContainerItemProxy;
			containerPortal = 40C6449123A7AA3200DAC09E /* Project object */;
			proxyType = 1;
			remoteGlobalIDString = 40C6449823A7AA3200DAC09E;
			remoteInfo = TabBarBusiness_ObjC;
		};
/* End PBXContainerItemProxy section */

/* Begin PBXFileReference section */
		4043954B23B0909900448811 /* ServicesTableViewController.h */ = {isa = PBXFileReference; lastKnownFileType = sourcecode.c.h; path = ServicesTableViewController.h; sourceTree = "<group>"; };
		4043954C23B0909900448811 /* ServicesTableViewController.m */ = {isa = PBXFileReference; lastKnownFileType = sourcecode.c.objc; path = ServicesTableViewController.m; sourceTree = "<group>"; };
		4043955123B090DA00448811 /* ServicesViewController.h */ = {isa = PBXFileReference; lastKnownFileType = sourcecode.c.h; path = ServicesViewController.h; sourceTree = "<group>"; };
		4043955223B090DA00448811 /* ServicesViewController.m */ = {isa = PBXFileReference; lastKnownFileType = sourcecode.c.objc; path = ServicesViewController.m; sourceTree = "<group>"; };
		4043955423B0915800448811 /* ServicesList.plist */ = {isa = PBXFileReference; lastKnownFileType = text.plist.xml; path = ServicesList.plist; sourceTree = "<group>"; };
		4043955623B0978E00448811 /* ServicesTableViewCell.h */ = {isa = PBXFileReference; lastKnownFileType = sourcecode.c.h; path = ServicesTableViewCell.h; sourceTree = "<group>"; };
		4043956423B0B5FB00448811 /* AboutUsViewController.h */ = {isa = PBXFileReference; lastKnownFileType = sourcecode.c.h; path = AboutUsViewController.h; sourceTree = "<group>"; };
		4043956523B0B5FB00448811 /* AboutUsViewController.m */ = {isa = PBXFileReference; lastKnownFileType = sourcecode.c.objc; path = AboutUsViewController.m; sourceTree = "<group>"; };
		4043956823B0B8FF00448811 /* PortfolioCollectionViewController.h */ = {isa = PBXFileReference; lastKnownFileType = sourcecode.c.h; path = PortfolioCollectionViewController.h; sourceTree = "<group>"; };
		4043956923B0B8FF00448811 /* PortfolioCollectionViewController.m */ = {isa = PBXFileReference; lastKnownFileType = sourcecode.c.objc; path = PortfolioCollectionViewController.m; sourceTree = "<group>"; };
		4043956B23B0B97500448811 /* PortfolioCollectionViewCell.h */ = {isa = PBXFileReference; lastKnownFileType = sourcecode.c.h; path = PortfolioCollectionViewCell.h; sourceTree = "<group>"; };
		4043956C23B0B97500448811 /* PortfolioCollectionViewCell.m */ = {isa = PBXFileReference; lastKnownFileType = sourcecode.c.objc; path = PortfolioCollectionViewCell.m; sourceTree = "<group>"; };
		4043956F23B0C69900448811 /* ContactViewController.h */ = {isa = PBXFileReference; lastKnownFileType = sourcecode.c.h; path = ContactViewController.h; sourceTree = "<group>"; };
		4043957023B0C69900448811 /* ContactViewController.m */ = {isa = PBXFileReference; lastKnownFileType = sourcecode.c.objc; path = ContactViewController.m; sourceTree = "<group>"; };
		4043957323B0C76000448811 /* MapKit.framework */ = {isa = PBXFileReference; lastKnownFileType = wrapper.framework; name = MapKit.framework; path = System/Library/Frameworks/MapKit.framework; sourceTree = SDKROOT; };
		4043957523B0CA7800448811 /* MapPin.h */ = {isa = PBXFileReference; lastKnownFileType = sourcecode.c.h; path = MapPin.h; sourceTree = "<group>"; };
		4043957623B0CA7800448811 /* MapPin.m */ = {isa = PBXFileReference; lastKnownFileType = sourcecode.c.objc; path = MapPin.m; sourceTree = "<group>"; };
		4055923F23B9CCF5006DD6E3 /* EmailViewController.h */ = {isa = PBXFileReference; lastKnownFileType = sourcecode.c.h; path = EmailViewController.h; sourceTree = "<group>"; };
		4055924023B9CCF5006DD6E3 /* EmailViewController.m */ = {isa = PBXFileReference; lastKnownFileType = sourcecode.c.objc; path = EmailViewController.m; sourceTree = "<group>"; };
		4055924223B9D390006DD6E3 /* MessageUI.framework */ = {isa = PBXFileReference; lastKnownFileType = wrapper.framework; name = MessageUI.framework; path = System/Library/Frameworks/MessageUI.framework; sourceTree = SDKROOT; };
		4055924423B9D3C0006DD6E3 /* Accounts.framework */ = {isa = PBXFileReference; lastKnownFileType = wrapper.framework; name = Accounts.framework; path = System/Library/Frameworks/Accounts.framework; sourceTree = SDKROOT; };
		4055924723B9EB35006DD6E3 /* SocialTableViewController.h */ = {isa = PBXFileReference; lastKnownFileType = sourcecode.c.h; path = SocialTableViewController.h; sourceTree = "<group>"; };
		4055924823B9EB35006DD6E3 /* SocialTableViewController.m */ = {isa = PBXFileReference; lastKnownFileType = sourcecode.c.objc; path = SocialTableViewController.m; sourceTree = "<group>"; };
		4055924A23B9EBEB006DD6E3 /* SocialTableViewCell.h */ = {isa = PBXFileReference; lastKnownFileType = sourcecode.c.h; path = SocialTableViewCell.h; sourceTree = "<group>"; };
		4055924B23B9EBEB006DD6E3 /* SocialTableViewCell.m */ = {isa = PBXFileReference; lastKnownFileType = sourcecode.c.objc; path = SocialTableViewCell.m; sourceTree = "<group>"; };
		4055924D23B9EC5E006DD6E3 /* Social.plist */ = {isa = PBXFileReference; lastKnownFileType = text.plist.xml; path = Social.plist; sourceTree = "<group>"; };
		40BBFD7323BB56A700F9468E /* WebViewController.h */ = {isa = PBXFileReference; lastKnownFileType = sourcecode.c.h; path = WebViewController.h; sourceTree = "<group>"; };
		40BBFD7423BB56A700F9468E /* WebViewController.m */ = {isa = PBXFileReference; lastKnownFileType = sourcecode.c.objc; path = WebViewController.m; sourceTree = "<group>"; };
		40BBFD7623BB57DA00F9468E /* WebKit.framework */ = {isa = PBXFileReference; lastKnownFileType = wrapper.framework; name = WebKit.framework; path = System/Library/Frameworks/WebKit.framework; sourceTree = SDKROOT; };
		40C6449923A7AA3200DAC09E /* TabBarBusiness_ObjC.app */ = {isa = PBXFileReference; explicitFileType = wrapper.application; includeInIndex = 0; path = TabBarBusiness_ObjC.app; sourceTree = BUILT_PRODUCTS_DIR; };
		40C6449C23A7AA3200DAC09E /* AppDelegate.h */ = {isa = PBXFileReference; lastKnownFileType = sourcecode.c.h; path = AppDelegate.h; sourceTree = "<group>"; };
		40C6449D23A7AA3200DAC09E /* AppDelegate.m */ = {isa = PBXFileReference; lastKnownFileType = sourcecode.c.objc; path = AppDelegate.m; sourceTree = "<group>"; };
		40C6449F23A7AA3200DAC09E /* SceneDelegate.h */ = {isa = PBXFileReference; lastKnownFileType = sourcecode.c.h; path = SceneDelegate.h; sourceTree = "<group>"; };
		40C644A023A7AA3200DAC09E /* SceneDelegate.m */ = {isa = PBXFileReference; lastKnownFileType = sourcecode.c.objc; path = SceneDelegate.m; sourceTree = "<group>"; };
		40C644A223A7AA3200DAC09E /* ViewController.h */ = {isa = PBXFileReference; lastKnownFileType = sourcecode.c.h; path = ViewController.h; sourceTree = "<group>"; };
		40C644A323A7AA3200DAC09E /* ViewController.m */ = {isa = PBXFileReference; lastKnownFileType = sourcecode.c.objc; path = ViewController.m; sourceTree = "<group>"; };
		40C644A623A7AA3200DAC09E /* Base */ = {isa = PBXFileReference; lastKnownFileType = file.storyboard; name = Base; path = Base.lproj/Main.storyboard; sourceTree = "<group>"; };
		40C644A823A7AA3400DAC09E /* Assets.xcassets */ = {isa = PBXFileReference; lastKnownFileType = folder.assetcatalog; path = Assets.xcassets; sourceTree = "<group>"; };
		40C644AB23A7AA3400DAC09E /* Base */ = {isa = PBXFileReference; lastKnownFileType = file.storyboard; name = Base; path = Base.lproj/LaunchScreen.storyboard; sourceTree = "<group>"; };
		40C644AD23A7AA3400DAC09E /* Info.plist */ = {isa = PBXFileReference; lastKnownFileType = text.plist.xml; path = Info.plist; sourceTree = "<group>"; };
		40C644AE23A7AA3400DAC09E /* main.m */ = {isa = PBXFileReference; lastKnownFileType = sourcecode.c.objc; path = main.m; sourceTree = "<group>"; };
		40C644B423A7AA3400DAC09E /* TabBarBusiness_ObjCTests.xctest */ = {isa = PBXFileReference; explicitFileType = wrapper.cfbundle; includeInIndex = 0; path = TabBarBusiness_ObjCTests.xctest; sourceTree = BUILT_PRODUCTS_DIR; };
		40C644B823A7AA3400DAC09E /* TabBarBusiness_ObjCTests.m */ = {isa = PBXFileReference; lastKnownFileType = sourcecode.c.objc; path = TabBarBusiness_ObjCTests.m; sourceTree = "<group>"; };
		40C644BA23A7AA3400DAC09E /* Info.plist */ = {isa = PBXFileReference; lastKnownFileType = text.plist.xml; path = Info.plist; sourceTree = "<group>"; };
		40C644BF23A7AA3400DAC09E /* TabBarBusiness_ObjCUITests.xctest */ = {isa = PBXFileReference; explicitFileType = wrapper.cfbundle; includeInIndex = 0; path = TabBarBusiness_ObjCUITests.xctest; sourceTree = BUILT_PRODUCTS_DIR; };
		40C644C323A7AA3400DAC09E /* TabBarBusiness_ObjCUITests.m */ = {isa = PBXFileReference; lastKnownFileType = sourcecode.c.objc; path = TabBarBusiness_ObjCUITests.m; sourceTree = "<group>"; };
		40C644C523A7AA3400DAC09E /* Info.plist */ = {isa = PBXFileReference; lastKnownFileType = text.plist.xml; path = Info.plist; sourceTree = "<group>"; };
/* End PBXFileReference section */

/* Begin PBXFrameworksBuildPhase section */
		40C6449623A7AA3200DAC09E /* Frameworks */ = {
			isa = PBXFrameworksBuildPhase;
			buildActionMask = 2147483647;
			files = (
				40BBFD7723BB57DA00F9468E /* WebKit.framework in Frameworks */,
				4055924523B9D3C0006DD6E3 /* Accounts.framework in Frameworks */,
				4055924323B9D390006DD6E3 /* MessageUI.framework in Frameworks */,
				4043957423B0C76000448811 /* MapKit.framework in Frameworks */,
			);
			runOnlyForDeploymentPostprocessing = 0;
		};
		40C644B123A7AA3400DAC09E /* Frameworks */ = {
			isa = PBXFrameworksBuildPhase;
			buildActionMask = 2147483647;
			files = (
			);
			runOnlyForDeploymentPostprocessing = 0;
		};
		40C644BC23A7AA3400DAC09E /* Frameworks */ = {
			isa = PBXFrameworksBuildPhase;
			buildActionMask = 2147483647;
			files = (
			);
			runOnlyForDeploymentPostprocessing = 0;
		};
/* End PBXFrameworksBuildPhase section */

/* Begin PBXGroup section */
		4043954A23B0906300448811 /* Services */ = {
			isa = PBXGroup;
			children = (
				4043954B23B0909900448811 /* ServicesTableViewController.h */,
				4043954C23B0909900448811 /* ServicesTableViewController.m */,
				4043955123B090DA00448811 /* ServicesViewController.h */,
				4043955223B090DA00448811 /* ServicesViewController.m */,
				4043955423B0915800448811 /* ServicesList.plist */,
				4043955623B0978E00448811 /* ServicesTableViewCell.h */,
			);
			path = Services;
			sourceTree = "<group>";
		};
		4043956323B0B5DC00448811 /* About Us */ = {
			isa = PBXGroup;
			children = (
				4043956423B0B5FB00448811 /* AboutUsViewController.h */,
				4043956523B0B5FB00448811 /* AboutUsViewController.m */,
			);
			path = "About Us";
			sourceTree = "<group>";
		};
		4043956723B0B8DB00448811 /* Portfolio */ = {
			isa = PBXGroup;
			children = (
				4043956823B0B8FF00448811 /* PortfolioCollectionViewController.h */,
				4043956923B0B8FF00448811 /* PortfolioCollectionViewController.m */,
				4043956B23B0B97500448811 /* PortfolioCollectionViewCell.h */,
				4043956C23B0B97500448811 /* PortfolioCollectionViewCell.m */,
			);
			path = Portfolio;
			sourceTree = "<group>";
		};
		4043956E23B0C68400448811 /* Contact Us */ = {
			isa = PBXGroup;
			children = (
				4043956F23B0C69900448811 /* ContactViewController.h */,
				4043957023B0C69900448811 /* ContactViewController.m */,
				4043957523B0CA7800448811 /* MapPin.h */,
				4043957623B0CA7800448811 /* MapPin.m */,
				4055923F23B9CCF5006DD6E3 /* EmailViewController.h */,
				4055924023B9CCF5006DD6E3 /* EmailViewController.m */,
			);
			path = "Contact Us";
			sourceTree = "<group>";
		};
		4043957223B0C75F00448811 /* Frameworks */ = {
			isa = PBXGroup;
			children = (
				40BBFD7623BB57DA00F9468E /* WebKit.framework */,
				4055924423B9D3C0006DD6E3 /* Accounts.framework */,
				4055924223B9D390006DD6E3 /* MessageUI.framework */,
				4043957323B0C76000448811 /* MapKit.framework */,
			);
			name = Frameworks;
			sourceTree = "<group>";
		};
		4055924623B9EB07006DD6E3 /* SocialLinks */ = {
			isa = PBXGroup;
			children = (
				4055924723B9EB35006DD6E3 /* SocialTableViewController.h */,
				4055924823B9EB35006DD6E3 /* SocialTableViewController.m */,
				4055924A23B9EBEB006DD6E3 /* SocialTableViewCell.h */,
				4055924B23B9EBEB006DD6E3 /* SocialTableViewCell.m */,
				4055924D23B9EC5E006DD6E3 /* Social.plist */,
				40BBFD7323BB56A700F9468E /* WebViewController.h */,
				40BBFD7423BB56A700F9468E /* WebViewController.m */,
			);
			path = SocialLinks;
			sourceTree = "<group>";
		};
		40C6449023A7AA3100DAC09E = {
			isa = PBXGroup;
			children = (
				40C6449B23A7AA3200DAC09E /* TabBarBusiness_ObjC */,
				40C644B723A7AA3400DAC09E /* TabBarBusiness_ObjCTests */,
				40C644C223A7AA3400DAC09E /* TabBarBusiness_ObjCUITests */,
				40C6449A23A7AA3200DAC09E /* Products */,
				4043957223B0C75F00448811 /* Frameworks */,
			);
			sourceTree = "<group>";
		};
		40C6449A23A7AA3200DAC09E /* Products */ = {
			isa = PBXGroup;
			children = (
				40C6449923A7AA3200DAC09E /* TabBarBusiness_ObjC.app */,
				40C644B423A7AA3400DAC09E /* TabBarBusiness_ObjCTests.xctest */,
				40C644BF23A7AA3400DAC09E /* TabBarBusiness_ObjCUITests.xctest */,
			);
			name = Products;
			sourceTree = "<group>";
		};
		40C6449B23A7AA3200DAC09E /* TabBarBusiness_ObjC */ = {
			isa = PBXGroup;
			children = (
				4055924623B9EB07006DD6E3 /* SocialLinks */,
				4043956E23B0C68400448811 /* Contact Us */,
				4043956723B0B8DB00448811 /* Portfolio */,
				4043956323B0B5DC00448811 /* About Us */,
				4043954A23B0906300448811 /* Services */,
				40C6449C23A7AA3200DAC09E /* AppDelegate.h */,
				40C6449D23A7AA3200DAC09E /* AppDelegate.m */,
				40C6449F23A7AA3200DAC09E /* SceneDelegate.h */,
				40C644A023A7AA3200DAC09E /* SceneDelegate.m */,
				40C644A223A7AA3200DAC09E /* ViewController.h */,
				40C644A323A7AA3200DAC09E /* ViewController.m */,
				40C644A523A7AA3200DAC09E /* Main.storyboard */,
				40C644A823A7AA3400DAC09E /* Assets.xcassets */,
				40C644AA23A7AA3400DAC09E /* LaunchScreen.storyboard */,
				40C644AD23A7AA3400DAC09E /* Info.plist */,
				40C644AE23A7AA3400DAC09E /* main.m */,
			);
			path = TabBarBusiness_ObjC;
			sourceTree = "<group>";
		};
		40C644B723A7AA3400DAC09E /* TabBarBusiness_ObjCTests */ = {
			isa = PBXGroup;
			children = (
				40C644B823A7AA3400DAC09E /* TabBarBusiness_ObjCTests.m */,
				40C644BA23A7AA3400DAC09E /* Info.plist */,
			);
			path = TabBarBusiness_ObjCTests;
			sourceTree = "<group>";
		};
		40C644C223A7AA3400DAC09E /* TabBarBusiness_ObjCUITests */ = {
			isa = PBXGroup;
			children = (
				40C644C323A7AA3400DAC09E /* TabBarBusiness_ObjCUITests.m */,
				40C644C523A7AA3400DAC09E /* Info.plist */,
			);
			path = TabBarBusiness_ObjCUITests;
			sourceTree = "<group>";
		};
/* End PBXGroup section */

/* Begin PBXNativeTarget section */
		40C6449823A7AA3200DAC09E /* TabBarBusiness_ObjC */ = {
			isa = PBXNativeTarget;
			buildConfigurationList = 40C644C823A7AA3400DAC09E /* Build configuration list for PBXNativeTarget "TabBarBusiness_ObjC" */;
			buildPhases = (
				40C6449523A7AA3200DAC09E /* Sources */,
				40C6449623A7AA3200DAC09E /* Frameworks */,
				40C6449723A7AA3200DAC09E /* Resources */,
			);
			buildRules = (
			);
			dependencies = (
			);
			name = TabBarBusiness_ObjC;
			productName = TabBarBusiness_ObjC;
			productReference = 40C6449923A7AA3200DAC09E /* TabBarBusiness_ObjC.app */;
			productType = "com.apple.product-type.application";
		};
		40C644B323A7AA3400DAC09E /* TabBarBusiness_ObjCTests */ = {
			isa = PBXNativeTarget;
			buildConfigurationList = 40C644CB23A7AA3400DAC09E /* Build configuration list for PBXNativeTarget "TabBarBusiness_ObjCTests" */;
			buildPhases = (
				40C644B023A7AA3400DAC09E /* Sources */,
				40C644B123A7AA3400DAC09E /* Frameworks */,
				40C644B223A7AA3400DAC09E /* Resources */,
			);
			buildRules = (
			);
			dependencies = (
				40C644B623A7AA3400DAC09E /* PBXTargetDependency */,
			);
			name = TabBarBusiness_ObjCTests;
			productName = TabBarBusiness_ObjCTests;
			productReference = 40C644B423A7AA3400DAC09E /* TabBarBusiness_ObjCTests.xctest */;
			productType = "com.apple.product-type.bundle.unit-test";
		};
		40C644BE23A7AA3400DAC09E /* TabBarBusiness_ObjCUITests */ = {
			isa = PBXNativeTarget;
			buildConfigurationList = 40C644CE23A7AA3400DAC09E /* Build configuration list for PBXNativeTarget "TabBarBusiness_ObjCUITests" */;
			buildPhases = (
				40C644BB23A7AA3400DAC09E /* Sources */,
				40C644BC23A7AA3400DAC09E /* Frameworks */,
				40C644BD23A7AA3400DAC09E /* Resources */,
			);
			buildRules = (
			);
			dependencies = (
				40C644C123A7AA3400DAC09E /* PBXTargetDependency */,
			);
			name = TabBarBusiness_ObjCUITests;
			productName = TabBarBusiness_ObjCUITests;
			productReference = 40C644BF23A7AA3400DAC09E /* TabBarBusiness_ObjCUITests.xctest */;
			productType = "com.apple.product-type.bundle.ui-testing";
		};
/* End PBXNativeTarget section */

/* Begin PBXProject section */
		40C6449123A7AA3200DAC09E /* Project object */ = {
			isa = PBXProject;
			attributes = {
				LastUpgradeCheck = 1110;
				ORGANIZATIONNAME = "Shivam Patel";
				TargetAttributes = {
					40C6449823A7AA3200DAC09E = {
						CreatedOnToolsVersion = 11.1;
					};
					40C644B323A7AA3400DAC09E = {
						CreatedOnToolsVersion = 11.1;
						TestTargetID = 40C6449823A7AA3200DAC09E;
					};
					40C644BE23A7AA3400DAC09E = {
						CreatedOnToolsVersion = 11.1;
						TestTargetID = 40C6449823A7AA3200DAC09E;
					};
				};
			};
			buildConfigurationList = 40C6449423A7AA3200DAC09E /* Build configuration list for PBXProject "TabBarBusiness_ObjC" */;
			compatibilityVersion = "Xcode 9.3";
			developmentRegion = en;
			hasScannedForEncodings = 0;
			knownRegions = (
				en,
				Base,
			);
			mainGroup = 40C6449023A7AA3100DAC09E;
			productRefGroup = 40C6449A23A7AA3200DAC09E /* Products */;
			projectDirPath = "";
			projectRoot = "";
			targets = (
				40C6449823A7AA3200DAC09E /* TabBarBusiness_ObjC */,
				40C644B323A7AA3400DAC09E /* TabBarBusiness_ObjCTests */,
				40C644BE23A7AA3400DAC09E /* TabBarBusiness_ObjCUITests */,
			);
		};
/* End PBXProject section */

/* Begin PBXResourcesBuildPhase section */
		40C6449723A7AA3200DAC09E /* Resources */ = {
			isa = PBXResourcesBuildPhase;
			buildActionMask = 2147483647;
			files = (
				4055924E23B9EC5E006DD6E3 /* Social.plist in Resources */,
				4043955D23B098DF00448811 /* ServicesTableViewController.h in Resources */,
				4043955E23B098DF00448811 /* ServicesTableViewController.m in Resources */,
				4043955F23B098DF00448811 /* ServicesViewController.h in Resources */,
				4043956023B098DF00448811 /* ServicesViewController.m in Resources */,
				4043956123B098DF00448811 /* ServicesTableViewCell.h in Resources */,
				40C644AC23A7AA3400DAC09E /* LaunchScreen.storyboard in Resources */,
				40C644A923A7AA3400DAC09E /* Assets.xcassets in Resources */,
				40C644A723A7AA3200DAC09E /* Main.storyboard in Resources */,
			);
			runOnlyForDeploymentPostprocessing = 0;
		};
		40C644B223A7AA3400DAC09E /* Resources */ = {
			isa = PBXResourcesBuildPhase;
			buildActionMask = 2147483647;
			files = (
			);
			runOnlyForDeploymentPostprocessing = 0;
		};
		40C644BD23A7AA3400DAC09E /* Resources */ = {
			isa = PBXResourcesBuildPhase;
			buildActionMask = 2147483647;
			files = (
			);
			runOnlyForDeploymentPostprocessing = 0;
		};
/* End PBXResourcesBuildPhase section */

/* Begin PBXSourcesBuildPhase section */
		40C6449523A7AA3200DAC09E /* Sources */ = {
			isa = PBXSourcesBuildPhase;
			buildActionMask = 2147483647;
			files = (
				4055924923B9EB35006DD6E3 /* SocialTableViewController.m in Sources */,
				4043955A23B098B000448811 /* ServicesTableViewController.h in Sources */,
				40BBFD7523BB56A700F9468E /* WebViewController.m in Sources */,
				4043955B23B098B000448811 /* ServicesViewController.h in Sources */,
				4043955C23B098B000448811 /* ServicesList.plist in Sources */,
				4043955923B098A800448811 /* ServicesTableViewCell.h in Sources */,
				4043955323B090DA00448811 /* ServicesViewController.m in Sources */,
				4043954D23B0909900448811 /* ServicesTableViewController.m in Sources */,
				4043957723B0CA7800448811 /* MapPin.m in Sources */,
				4055924123B9CCF5006DD6E3 /* EmailViewController.m in Sources */,
				40C644A423A7AA3200DAC09E /* ViewController.m in Sources */,
				4055924C23B9EBEB006DD6E3 /* SocialTableViewCell.m in Sources */,
				4043957123B0C69900448811 /* ContactViewController.m in Sources */,
				4043956D23B0B97500448811 /* PortfolioCollectionViewCell.m in Sources */,
				4043956A23B0B8FF00448811 /* PortfolioCollectionViewController.m in Sources */,
				4043956623B0B5FB00448811 /* AboutUsViewController.m in Sources */,
				40C6449E23A7AA3200DAC09E /* AppDelegate.m in Sources */,
				40C644AF23A7AA3400DAC09E /* main.m in Sources */,
				40C644A123A7AA3200DAC09E /* SceneDelegate.m in Sources */,
			);
			runOnlyForDeploymentPostprocessing = 0;
		};
		40C644B023A7AA3400DAC09E /* Sources */ = {
			isa = PBXSourcesBuildPhase;
			buildActionMask = 2147483647;
			files = (
				40C644B923A7AA3400DAC09E /* TabBarBusiness_ObjCTests.m in Sources */,
			);
			runOnlyForDeploymentPostprocessing = 0;
		};
		40C644BB23A7AA3400DAC09E /* Sources */ = {
			isa = PBXSourcesBuildPhase;
			buildActionMask = 2147483647;
			files = (
				40C644C423A7AA3400DAC09E /* TabBarBusiness_ObjCUITests.m in Sources */,
			);
			runOnlyForDeploymentPostprocessing = 0;
		};
/* End PBXSourcesBuildPhase section */

/* Begin PBXTargetDependency section */
		40C644B623A7AA3400DAC09E /* PBXTargetDependency */ = {
			isa = PBXTargetDependency;
			target = 40C6449823A7AA3200DAC09E /* TabBarBusiness_ObjC */;
			targetProxy = 40C644B523A7AA3400DAC09E /* PBXContainerItemProxy */;
		};
		40C644C123A7AA3400DAC09E /* PBXTargetDependency */ = {
			isa = PBXTargetDependency;
			target = 40C6449823A7AA3200DAC09E /* TabBarBusiness_ObjC */;
			targetProxy = 40C644C023A7AA3400DAC09E /* PBXContainerItemProxy */;
		};
/* End PBXTargetDependency section */

/* Begin PBXVariantGroup section */
		40C644A523A7AA3200DAC09E /* Main.storyboard */ = {
			isa = PBXVariantGroup;
			children = (
				40C644A623A7AA3200DAC09E /* Base */,
			);
			name = Main.storyboard;
			sourceTree = "<group>";
		};
		40C644AA23A7AA3400DAC09E /* LaunchScreen.storyboard */ = {
			isa = PBXVariantGroup;
			children = (
				40C644AB23A7AA3400DAC09E /* Base */,
			);
			name = LaunchScreen.storyboard;
			sourceTree = "<group>";
		};
/* End PBXVariantGroup section */

/* Begin XCBuildConfiguration section */
		40C644C623A7AA3400DAC09E /* Debug */ = {
			isa = XCBuildConfiguration;
			buildSettings = {
				ALWAYS_SEARCH_USER_PATHS = NO;
				CLANG_ANALYZER_NONNULL = YES;
				CLANG_ANALYZER_NUMBER_OBJECT_CONVERSION = YES_AGGRESSIVE;
				CLANG_CXX_LANGUAGE_STANDARD = "gnu++14";
				CLANG_CXX_LIBRARY = "libc++";
				CLANG_ENABLE_MODULES = YES;
				CLANG_ENABLE_OBJC_ARC = YES;
				CLANG_ENABLE_OBJC_WEAK = YES;
				CLANG_WARN_BLOCK_CAPTURE_AUTORELEASING = YES;
				CLANG_WARN_BOOL_CONVERSION = YES;
				CLANG_WARN_COMMA = YES;
				CLANG_WARN_CONSTANT_CONVERSION = YES;
				CLANG_WARN_DEPRECATED_OBJC_IMPLEMENTATIONS = YES;
				CLANG_WARN_DIRECT_OBJC_ISA_USAGE = YES_ERROR;
				CLANG_WARN_DOCUMENTATION_COMMENTS = YES;
				CLANG_WARN_EMPTY_BODY = YES;
				CLANG_WARN_ENUM_CONVERSION = YES;
				CLANG_WARN_INFINITE_RECURSION = YES;
				CLANG_WARN_INT_CONVERSION = YES;
				CLANG_WARN_NON_LITERAL_NULL_CONVERSION = YES;
				CLANG_WARN_OBJC_IMPLICIT_RETAIN_SELF = YES;
				CLANG_WARN_OBJC_LITERAL_CONVERSION = YES;
				CLANG_WARN_OBJC_ROOT_CLASS = YES_ERROR;
				CLANG_WARN_RANGE_LOOP_ANALYSIS = YES;
				CLANG_WARN_STRICT_PROTOTYPES = YES;
				CLANG_WARN_SUSPICIOUS_MOVE = YES;
				CLANG_WARN_UNGUARDED_AVAILABILITY = YES_AGGRESSIVE;
				CLANG_WARN_UNREACHABLE_CODE = YES;
				CLANG_WARN__DUPLICATE_METHOD_MATCH = YES;
				COPY_PHASE_STRIP = NO;
				DEBUG_INFORMATION_FORMAT = dwarf;
				ENABLE_STRICT_OBJC_MSGSEND = YES;
				ENABLE_TESTABILITY = YES;
				GCC_C_LANGUAGE_STANDARD = gnu11;
				GCC_DYNAMIC_NO_PIC = NO;
				GCC_NO_COMMON_BLOCKS = YES;
				GCC_OPTIMIZATION_LEVEL = 0;
				GCC_PREPROCESSOR_DEFINITIONS = (
					"DEBUG=1",
					"$(inherited)",
				);
				GCC_WARN_64_TO_32_BIT_CONVERSION = YES;
				GCC_WARN_ABOUT_RETURN_TYPE = YES_ERROR;
				GCC_WARN_UNDECLARED_SELECTOR = YES;
				GCC_WARN_UNINITIALIZED_AUTOS = YES_AGGRESSIVE;
				GCC_WARN_UNUSED_FUNCTION = YES;
				GCC_WARN_UNUSED_VARIABLE = YES;
				IPHONEOS_DEPLOYMENT_TARGET = 13.1;
				MTL_ENABLE_DEBUG_INFO = INCLUDE_SOURCE;
				MTL_FAST_MATH = YES;
				ONLY_ACTIVE_ARCH = YES;
				SDKROOT = iphoneos;
			};
			name = Debug;
		};
		40C644C723A7AA3400DAC09E /* Release */ = {
			isa = XCBuildConfiguration;
			buildSettings = {
				ALWAYS_SEARCH_USER_PATHS = NO;
				CLANG_ANALYZER_NONNULL = YES;
				CLANG_ANALYZER_NUMBER_OBJECT_CONVERSION = YES_AGGRESSIVE;
				CLANG_CXX_LANGUAGE_STANDARD = "gnu++14";
				CLANG_CXX_LIBRARY = "libc++";
				CLANG_ENABLE_MODULES = YES;
				CLANG_ENABLE_OBJC_ARC = YES;
				CLANG_ENABLE_OBJC_WEAK = YES;
				CLANG_WARN_BLOCK_CAPTURE_AUTORELEASING = YES;
				CLANG_WARN_BOOL_CONVERSION = YES;
				CLANG_WARN_COMMA = YES;
				CLANG_WARN_CONSTANT_CONVERSION = YES;
				CLANG_WARN_DEPRECATED_OBJC_IMPLEMENTATIONS = YES;
				CLANG_WARN_DIRECT_OBJC_ISA_USAGE = YES_ERROR;
				CLANG_WARN_DOCUMENTATION_COMMENTS = YES;
				CLANG_WARN_EMPTY_BODY = YES;
				CLANG_WARN_ENUM_CONVERSION = YES;
				CLANG_WARN_INFINITE_RECURSION = YES;
				CLANG_WARN_INT_CONVERSION = YES;
				CLANG_WARN_NON_LITERAL_NULL_CONVERSION = YES;
				CLANG_WARN_OBJC_IMPLICIT_RETAIN_SELF = YES;
				CLANG_WARN_OBJC_LITERAL_CONVERSION = YES;
				CLANG_WARN_OBJC_ROOT_CLASS = YES_ERROR;
				CLANG_WARN_RANGE_LOOP_ANALYSIS = YES;
				CLANG_WARN_STRICT_PROTOTYPES = YES;
				CLANG_WARN_SUSPICIOUS_MOVE = YES;
				CLANG_WARN_UNGUARDED_AVAILABILITY = YES_AGGRESSIVE;
				CLANG_WARN_UNREACHABLE_CODE = YES;
				CLANG_WARN__DUPLICATE_METHOD_MATCH = YES;
				COPY_PHASE_STRIP = NO;
				DEBUG_INFORMATION_FORMAT = "dwarf-with-dsym";
				ENABLE_NS_ASSERTIONS = NO;
				ENABLE_STRICT_OBJC_MSGSEND = YES;
				GCC_C_LANGUAGE_STANDARD = gnu11;
				GCC_NO_COMMON_BLOCKS = YES;
				GCC_WARN_64_TO_32_BIT_CONVERSION = YES;
				GCC_WARN_ABOUT_RETURN_TYPE = YES_ERROR;
				GCC_WARN_UNDECLARED_SELECTOR = YES;
				GCC_WARN_UNINITIALIZED_AUTOS = YES_AGGRESSIVE;
				GCC_WARN_UNUSED_FUNCTION = YES;
				GCC_WARN_UNUSED_VARIABLE = YES;
				IPHONEOS_DEPLOYMENT_TARGET = 13.1;
				MTL_ENABLE_DEBUG_INFO = NO;
				MTL_FAST_MATH = YES;
				SDKROOT = iphoneos;
				VALIDATE_PRODUCT = YES;
			};
			name = Release;
		};
		40C644C923A7AA3400DAC09E /* Debug */ = {
			isa = XCBuildConfiguration;
			buildSettings = {
				ASSETCATALOG_COMPILER_APPICON_NAME = AppIcon;
				CODE_SIGN_STYLE = Automatic;
				DEVELOPMENT_TEAM = VBG2DLANNV;
				INFOPLIST_FILE = TabBarBusiness_ObjC/Info.plist;
				LD_RUNPATH_SEARCH_PATHS = (
					"$(inherited)",
					"@executable_path/Frameworks",
				);
				PRODUCT_BUNDLE_IDENTIFIER = "com.shivam.TabBarBusiness-ObjC";
				PRODUCT_NAME = "$(TARGET_NAME)";
				TARGETED_DEVICE_FAMILY = "1,2";
			};
			name = Debug;
		};
		40C644CA23A7AA3400DAC09E /* Release */ = {
			isa = XCBuildConfiguration;
			buildSettings = {
				ASSETCATALOG_COMPILER_APPICON_NAME = AppIcon;
				CODE_SIGN_STYLE = Automatic;
				DEVELOPMENT_TEAM = VBG2DLANNV;
				INFOPLIST_FILE = TabBarBusiness_ObjC/Info.plist;
				LD_RUNPATH_SEARCH_PATHS = (
					"$(inherited)",
					"@executable_path/Frameworks",
				);
				PRODUCT_BUNDLE_IDENTIFIER = "com.shivam.TabBarBusiness-ObjC";
				PRODUCT_NAME = "$(TARGET_NAME)";
				TARGETED_DEVICE_FAMILY = "1,2";
			};
			name = Release;
		};
		40C644CC23A7AA3400DAC09E /* Debug */ = {
			isa = XCBuildConfiguration;
			buildSettings = {
				BUNDLE_LOADER = "$(TEST_HOST)";
				CODE_SIGN_STYLE = Automatic;
				DEVELOPMENT_TEAM = VBG2DLANNV;
				INFOPLIST_FILE = TabBarBusiness_ObjCTests/Info.plist;
				IPHONEOS_DEPLOYMENT_TARGET = 13.1;
				LD_RUNPATH_SEARCH_PATHS = (
					"$(inherited)",
					"@executable_path/Frameworks",
					"@loader_path/Frameworks",
				);
				PRODUCT_BUNDLE_IDENTIFIER = "com.shivam.TabBarBusiness-ObjCTests";
				PRODUCT_NAME = "$(TARGET_NAME)";
				TARGETED_DEVICE_FAMILY = "1,2";
				TEST_HOST = "$(BUILT_PRODUCTS_DIR)/TabBarBusiness_ObjC.app/TabBarBusiness_ObjC";
			};
			name = Debug;
		};
		40C644CD23A7AA3400DAC09E /* Release */ = {
			isa = XCBuildConfiguration;
			buildSettings = {
				BUNDLE_LOADER = "$(TEST_HOST)";
				CODE_SIGN_STYLE = Automatic;
				DEVELOPMENT_TEAM = VBG2DLANNV;
				INFOPLIST_FILE = TabBarBusiness_ObjCTests/Info.plist;
				IPHONEOS_DEPLOYMENT_TARGET = 13.1;
				LD_RUNPATH_SEARCH_PATHS = (
					"$(inherited)",
					"@executable_path/Frameworks",
					"@loader_path/Frameworks",
				);
				PRODUCT_BUNDLE_IDENTIFIER = "com.shivam.TabBarBusiness-ObjCTests";
				PRODUCT_NAME = "$(TARGET_NAME)";
				TARGETED_DEVICE_FAMILY = "1,2";
				TEST_HOST = "$(BUILT_PRODUCTS_DIR)/TabBarBusiness_ObjC.app/TabBarBusiness_ObjC";
			};
			name = Release;
		};
		40C644CF23A7AA3400DAC09E /* Debug */ = {
			isa = XCBuildConfiguration;
			buildSettings = {
				CODE_SIGN_STYLE = Automatic;
				DEVELOPMENT_TEAM = VBG2DLANNV;
				INFOPLIST_FILE = TabBarBusiness_ObjCUITests/Info.plist;
				LD_RUNPATH_SEARCH_PATHS = (
					"$(inherited)",
					"@executable_path/Frameworks",
					"@loader_path/Frameworks",
				);
				PRODUCT_BUNDLE_IDENTIFIER = "com.shivam.TabBarBusiness-ObjCUITests";
				PRODUCT_NAME = "$(TARGET_NAME)";
				TARGETED_DEVICE_FAMILY = "1,2";
				TEST_TARGET_NAME = TabBarBusiness_ObjC;
			};
			name = Debug;
		};
		40C644D023A7AA3400DAC09E /* Release */ = {
			isa = XCBuildConfiguration;
			buildSettings = {
				CODE_SIGN_STYLE = Automatic;
				DEVELOPMENT_TEAM = VBG2DLANNV;
				INFOPLIST_FILE = TabBarBusiness_ObjCUITests/Info.plist;
				LD_RUNPATH_SEARCH_PATHS = (
					"$(inherited)",
					"@executable_path/Frameworks",
					"@loader_path/Frameworks",
				);
				PRODUCT_BUNDLE_IDENTIFIER = "com.shivam.TabBarBusiness-ObjCUITests";
				PRODUCT_NAME = "$(TARGET_NAME)";
				TARGETED_DEVICE_FAMILY = "1,2";
				TEST_TARGET_NAME = TabBarBusiness_ObjC;
			};
			name = Release;
		};
/* End XCBuildConfiguration section */

/* Begin XCConfigurationList section */
		40C6449423A7AA3200DAC09E /* Build configuration list for PBXProject "TabBarBusiness_ObjC" */ = {
			isa = XCConfigurationList;
			buildConfigurations = (
				40C644C623A7AA3400DAC09E /* Debug */,
				40C644C723A7AA3400DAC09E /* Release */,
			);
			defaultConfigurationIsVisible = 0;
			defaultConfigurationName = Release;
		};
		40C644C823A7AA3400DAC09E /* Build configuration list for PBXNativeTarget "TabBarBusiness_ObjC" */ = {
			isa = XCConfigurationList;
			buildConfigurations = (
				40C644C923A7AA3400DAC09E /* Debug */,
				40C644CA23A7AA3400DAC09E /* Release */,
			);
			defaultConfigurationIsVisible = 0;
			defaultConfigurationName = Release;
		};
		40C644CB23A7AA3400DAC09E /* Build configuration list for PBXNativeTarget "TabBarBusiness_ObjCTests" */ = {
			isa = XCConfigurationList;
			buildConfigurations = (
				40C644CC23A7AA3400DAC09E /* Debug */,
				40C644CD23A7AA3400DAC09E /* Release */,
			);
			defaultConfigurationIsVisible = 0;
			defaultConfigurationName = Release;
		};
		40C644CE23A7AA3400DAC09E /* Build configuration list for PBXNativeTarget "TabBarBusiness_ObjCUITests" */ = {
			isa = XCConfigurationList;
			buildConfigurations = (
				40C644CF23A7AA3400DAC09E /* Debug */,
				40C644D023A7AA3400DAC09E /* Release */,
			);
			defaultConfigurationIsVisible = 0;
			defaultConfigurationName = Release;
		};
/* End XCConfigurationList section */
	};
	rootObject = 40C6449123A7AA3200DAC09E /* Project object */;
}
